// !$*UTF8*$!
{
	archiveVersion = 1;
	classes = {
	};
	objectVersion = 55;
	objects = {

/* Begin PBXBuildFile section */
		855157BD29AA3F9B00AE5A98 /* AppDelegate.swift in Sources */ = {isa = PBXBuildFile; fileRef = 855157BC29AA3F9B00AE5A98 /* AppDelegate.swift */; };
		855157BF29AA3F9B00AE5A98 /* SceneDelegate.swift in Sources */ = {isa = PBXBuildFile; fileRef = 855157BE29AA3F9B00AE5A98 /* SceneDelegate.swift */; };
		855157C129AA3F9B00AE5A98 /* ViewController.swift in Sources */ = {isa = PBXBuildFile; fileRef = 855157C029AA3F9B00AE5A98 /* ViewController.swift */; };
		855157C429AA3F9B00AE5A98 /* Main.storyboard in Resources */ = {isa = PBXBuildFile; fileRef = 855157C229AA3F9B00AE5A98 /* Main.storyboard */; };
		855157C629AA3F9C00AE5A98 /* Assets.xcassets in Resources */ = {isa = PBXBuildFile; fileRef = 855157C529AA3F9C00AE5A98 /* Assets.xcassets */; };
		855157C929AA3F9C00AE5A98 /* LaunchScreen.storyboard in Resources */ = {isa = PBXBuildFile; fileRef = 855157C729AA3F9C00AE5A98 /* LaunchScreen.storyboard */; };
		855157D429AA3F9C00AE5A98 /* TestSolutisTests.swift in Sources */ = {isa = PBXBuildFile; fileRef = 855157D329AA3F9C00AE5A98 /* TestSolutisTests.swift */; };
		855157DE29AA3F9C00AE5A98 /* TestSolutisUITests.swift in Sources */ = {isa = PBXBuildFile; fileRef = 855157DD29AA3F9C00AE5A98 /* TestSolutisUITests.swift */; };
		855157E029AA3F9C00AE5A98 /* TestSolutisUITestsLaunchTests.swift in Sources */ = {isa = PBXBuildFile; fileRef = 855157DF29AA3F9C00AE5A98 /* TestSolutisUITestsLaunchTests.swift */; };
/* End PBXBuildFile section */

/* Begin PBXContainerItemProxy section */
		855157D029AA3F9C00AE5A98 /* PBXContainerItemProxy */ = {
			isa = PBXContainerItemProxy;
			containerPortal = 855157B129AA3F9B00AE5A98 /* Project object */;
			proxyType = 1;
			remoteGlobalIDString = 855157B829AA3F9B00AE5A98;
			remoteInfo = TestSolutis;
		};
		855157DA29AA3F9C00AE5A98 /* PBXContainerItemProxy */ = {
			isa = PBXContainerItemProxy;
			containerPortal = 855157B129AA3F9B00AE5A98 /* Project object */;
			proxyType = 1;
			remoteGlobalIDString = 855157B829AA3F9B00AE5A98;
			remoteInfo = TestSolutis;
		};
/* End PBXContainerItemProxy section */

/* Begin PBXFileReference section */
		855157B929AA3F9B00AE5A98 /* TestSolutis.app */ = {isa = PBXFileReference; explicitFileType = wrapper.application; includeInIndex = 0; path = TestSolutis.app; sourceTree = BUILT_PRODUCTS_DIR; };
		855157BC29AA3F9B00AE5A98 /* AppDelegate.swift */ = {isa = PBXFileReference; lastKnownFileType = sourcecode.swift; path = AppDelegate.swift; sourceTree = "<group>"; };
		855157BE29AA3F9B00AE5A98 /* SceneDelegate.swift */ = {isa = PBXFileReference; lastKnownFileType = sourcecode.swift; path = SceneDelegate.swift; sourceTree = "<group>"; };
		855157C029AA3F9B00AE5A98 /* ViewController.swift */ = {isa = PBXFileReference; lastKnownFileType = sourcecode.swift; path = ViewController.swift; sourceTree = "<group>"; };
		855157C329AA3F9B00AE5A98 /* Base */ = {isa = PBXFileReference; lastKnownFileType = file.storyboard; name = Base; path = Base.lproj/Main.storyboard; sourceTree = "<group>"; };
		855157C529AA3F9C00AE5A98 /* Assets.xcassets */ = {isa = PBXFileReference; lastKnownFileType = folder.assetcatalog; path = Assets.xcassets; sourceTree = "<group>"; };
		855157C829AA3F9C00AE5A98 /* Base */ = {isa = PBXFileReference; lastKnownFileType = file.storyboard; name = Base; path = Base.lproj/LaunchScreen.storyboard; sourceTree = "<group>"; };
		855157CA29AA3F9C00AE5A98 /* Info.plist */ = {isa = PBXFileReference; lastKnownFileType = text.plist.xml; path = Info.plist; sourceTree = "<group>"; };
		855157CF29AA3F9C00AE5A98 /* TestSolutisTests.xctest */ = {isa = PBXFileReference; explicitFileType = wrapper.cfbundle; includeInIndex = 0; path = TestSolutisTests.xctest; sourceTree = BUILT_PRODUCTS_DIR; };
		855157D329AA3F9C00AE5A98 /* TestSolutisTests.swift */ = {isa = PBXFileReference; lastKnownFileType = sourcecode.swift; path = TestSolutisTests.swift; sourceTree = "<group>"; };
		855157D929AA3F9C00AE5A98 /* TestSolutisUITests.xctest */ = {isa = PBXFileReference; explicitFileType = wrapper.cfbundle; includeInIndex = 0; path = TestSolutisUITests.xctest; sourceTree = BUILT_PRODUCTS_DIR; };
		855157DD29AA3F9C00AE5A98 /* TestSolutisUITests.swift */ = {isa = PBXFileReference; lastKnownFileType = sourcecode.swift; path = TestSolutisUITests.swift; sourceTree = "<group>"; };
		855157DF29AA3F9C00AE5A98 /* TestSolutisUITestsLaunchTests.swift */ = {isa = PBXFileReference; lastKnownFileType = sourcecode.swift; path = TestSolutisUITestsLaunchTests.swift; sourceTree = "<group>"; };
/* End PBXFileReference section */

/* Begin PBXFrameworksBuildPhase section */
		855157B629AA3F9B00AE5A98 /* Frameworks */ = {
			isa = PBXFrameworksBuildPhase;
			buildActionMask = 2147483647;
			files = (
			);
			runOnlyForDeploymentPostprocessing = 0;
		};
		855157CC29AA3F9C00AE5A98 /* Frameworks */ = {
			isa = PBXFrameworksBuildPhase;
			buildActionMask = 2147483647;
			files = (
			);
			runOnlyForDeploymentPostprocessing = 0;
		};
		855157D629AA3F9C00AE5A98 /* Frameworks */ = {
			isa = PBXFrameworksBuildPhase;
			buildActionMask = 2147483647;
			files = (
			);
			runOnlyForDeploymentPostprocessing = 0;
		};
/* End PBXFrameworksBuildPhase section */

/* Begin PBXGroup section */
		855157B029AA3F9B00AE5A98 = {
			isa = PBXGroup;
			children = (
				855157BB29AA3F9B00AE5A98 /* TestSolutis */,
				855157D229AA3F9C00AE5A98 /* TestSolutisTests */,
				855157DC29AA3F9C00AE5A98 /* TestSolutisUITests */,
				855157BA29AA3F9B00AE5A98 /* Products */,
			);
			sourceTree = "<group>";
		};
		855157BA29AA3F9B00AE5A98 /* Products */ = {
			isa = PBXGroup;
			children = (
				855157B929AA3F9B00AE5A98 /* TestSolutis.app */,
				855157CF29AA3F9C00AE5A98 /* TestSolutisTests.xctest */,
				855157D929AA3F9C00AE5A98 /* TestSolutisUITests.xctest */,
			);
			name = Products;
			sourceTree = "<group>";
		};
		855157BB29AA3F9B00AE5A98 /* TestSolutis */ = {
			isa = PBXGroup;
			children = (
				855157BC29AA3F9B00AE5A98 /* AppDelegate.swift */,
				855157BE29AA3F9B00AE5A98 /* SceneDelegate.swift */,
				855157C029AA3F9B00AE5A98 /* ViewController.swift */,
				855157C229AA3F9B00AE5A98 /* Main.storyboard */,
				855157C529AA3F9C00AE5A98 /* Assets.xcassets */,
				855157C729AA3F9C00AE5A98 /* LaunchScreen.storyboard */,
				855157CA29AA3F9C00AE5A98 /* Info.plist */,
			);
			path = TestSolutis;
			sourceTree = "<group>";
		};
		855157D229AA3F9C00AE5A98 /* TestSolutisTests */ = {
			isa = PBXGroup;
			children = (
				855157D329AA3F9C00AE5A98 /* TestSolutisTests.swift */,
			);
			path = TestSolutisTests;
			sourceTree = "<group>";
		};
		855157DC29AA3F9C00AE5A98 /* TestSolutisUITests */ = {
			isa = PBXGroup;
			children = (
				855157DD29AA3F9C00AE5A98 /* TestSolutisUITests.swift */,
				855157DF29AA3F9C00AE5A98 /* TestSolutisUITestsLaunchTests.swift */,
			);
			path = TestSolutisUITests;
			sourceTree = "<group>";
		};
/* End PBXGroup section */

/* Begin PBXNativeTarget section */
		855157B829AA3F9B00AE5A98 /* TestSolutis */ = {
			isa = PBXNativeTarget;
			buildConfigurationList = 855157E329AA3F9C00AE5A98 /* Build configuration list for PBXNativeTarget "TestSolutis" */;
			buildPhases = (
				855157B529AA3F9B00AE5A98 /* Sources */,
				855157B629AA3F9B00AE5A98 /* Frameworks */,
				855157B729AA3F9B00AE5A98 /* Resources */,
			);
			buildRules = (
			);
			dependencies = (
			);
			name = TestSolutis;
			productName = TestSolutis;
			productReference = 855157B929AA3F9B00AE5A98 /* TestSolutis.app */;
			productType = "com.apple.product-type.application";
		};
		855157CE29AA3F9C00AE5A98 /* TestSolutisTests */ = {
			isa = PBXNativeTarget;
			buildConfigurationList = 855157E629AA3F9C00AE5A98 /* Build configuration list for PBXNativeTarget "TestSolutisTests" */;
			buildPhases = (
				855157CB29AA3F9C00AE5A98 /* Sources */,
				855157CC29AA3F9C00AE5A98 /* Frameworks */,
				855157CD29AA3F9C00AE5A98 /* Resources */,
			);
			buildRules = (
			);
			dependencies = (
				855157D129AA3F9C00AE5A98 /* PBXTargetDependency */,
			);
			name = TestSolutisTests;
			productName = TestSolutisTests;
			productReference = 855157CF29AA3F9C00AE5A98 /* TestSolutisTests.xctest */;
			productType = "com.apple.product-type.bundle.unit-test";
		};
		855157D829AA3F9C00AE5A98 /* TestSolutisUITests */ = {
			isa = PBXNativeTarget;
			buildConfigurationList = 855157E929AA3F9C00AE5A98 /* Build configuration list for PBXNativeTarget "TestSolutisUITests" */;
			buildPhases = (
				855157D529AA3F9C00AE5A98 /* Sources */,
				855157D629AA3F9C00AE5A98 /* Frameworks */,
				855157D729AA3F9C00AE5A98 /* Resources */,
			);
			buildRules = (
			);
			dependencies = (
				855157DB29AA3F9C00AE5A98 /* PBXTargetDependency */,
			);
			name = TestSolutisUITests;
			productName = TestSolutisUITests;
			productReference = 855157D929AA3F9C00AE5A98 /* TestSolutisUITests.xctest */;
			productType = "com.apple.product-type.bundle.ui-testing";
		};
/* End PBXNativeTarget section */

/* Begin PBXProject section */
		855157B129AA3F9B00AE5A98 /* Project object */ = {
			isa = PBXProject;
			attributes = {
				BuildIndependentTargetsInParallel = 1;
				LastSwiftUpdateCheck = 1320;
				LastUpgradeCheck = 1320;
				TargetAttributes = {
					855157B829AA3F9B00AE5A98 = {
						CreatedOnToolsVersion = 13.2.1;
					};
					855157CE29AA3F9C00AE5A98 = {
						CreatedOnToolsVersion = 13.2.1;
						TestTargetID = 855157B829AA3F9B00AE5A98;
					};
					855157D829AA3F9C00AE5A98 = {
						CreatedOnToolsVersion = 13.2.1;
						TestTargetID = 855157B829AA3F9B00AE5A98;
					};
				};
			};
			buildConfigurationList = 855157B429AA3F9B00AE5A98 /* Build configuration list for PBXProject "TestSolutis" */;
			compatibilityVersion = "Xcode 13.0";
			developmentRegion = en;
			hasScannedForEncodings = 0;
			knownRegions = (
				en,
				Base,
			);
			mainGroup = 855157B029AA3F9B00AE5A98;
			productRefGroup = 855157BA29AA3F9B00AE5A98 /* Products */;
			projectDirPath = "";
			projectRoot = "";
			targets = (
				855157B829AA3F9B00AE5A98 /* TestSolutis */,
				855157CE29AA3F9C00AE5A98 /* TestSolutisTests */,
				855157D829AA3F9C00AE5A98 /* TestSolutisUITests */,
			);
		};
/* End PBXProject section */

/* Begin PBXResourcesBuildPhase section */
		855157B729AA3F9B00AE5A98 /* Resources */ = {
			isa = PBXResourcesBuildPhase;
			buildActionMask = 2147483647;
			files = (
				855157C929AA3F9C00AE5A98 /* LaunchScreen.storyboard in Resources */,
				855157C629AA3F9C00AE5A98 /* Assets.xcassets in Resources */,
				855157C429AA3F9B00AE5A98 /* Main.storyboard in Resources */,
			);
			runOnlyForDeploymentPostprocessing = 0;
		};
		855157CD29AA3F9C00AE5A98 /* Resources */ = {
			isa = PBXResourcesBuildPhase;
			buildActionMask = 2147483647;
			files = (
			);
			runOnlyForDeploymentPostprocessing = 0;
		};
		855157D729AA3F9C00AE5A98 /* Resources */ = {
			isa = PBXResourcesBuildPhase;
			buildActionMask = 2147483647;
			files = (
			);
			runOnlyForDeploymentPostprocessing = 0;
		};
/* End PBXResourcesBuildPhase section */

/* Begin PBXSourcesBuildPhase section */
		855157B529AA3F9B00AE5A98 /* Sources */ = {
			isa = PBXSourcesBuildPhase;
			buildActionMask = 2147483647;
			files = (
				855157C129AA3F9B00AE5A98 /* ViewController.swift in Sources */,
				855157BD29AA3F9B00AE5A98 /* AppDelegate.swift in Sources */,
				855157BF29AA3F9B00AE5A98 /* SceneDelegate.swift in Sources */,
			);
			runOnlyForDeploymentPostprocessing = 0;
		};
		855157CB29AA3F9C00AE5A98 /* Sources */ = {
			isa = PBXSourcesBuildPhase;
			buildActionMask = 2147483647;
			files = (
				855157D429AA3F9C00AE5A98 /* TestSolutisTests.swift in Sources */,
			);
			runOnlyForDeploymentPostprocessing = 0;
		};
		855157D529AA3F9C00AE5A98 /* Sources */ = {
			isa = PBXSourcesBuildPhase;
			buildActionMask = 2147483647;
			files = (
				855157E029AA3F9C00AE5A98 /* TestSolutisUITestsLaunchTests.swift in Sources */,
				855157DE29AA3F9C00AE5A98 /* TestSolutisUITests.swift in Sources */,
			);
			runOnlyForDeploymentPostprocessing = 0;
		};
/* End PBXSourcesBuildPhase section */

/* Begin PBXTargetDependency section */
		855157D129AA3F9C00AE5A98 /* PBXTargetDependency */ = {
			isa = PBXTargetDependency;
			target = 855157B829AA3F9B00AE5A98 /* TestSolutis */;
			targetProxy = 855157D029AA3F9C00AE5A98 /* PBXContainerItemProxy */;
		};
		855157DB29AA3F9C00AE5A98 /* PBXTargetDependency */ = {
			isa = PBXTargetDependency;
			target = 855157B829AA3F9B00AE5A98 /* TestSolutis */;
			targetProxy = 855157DA29AA3F9C00AE5A98 /* PBXContainerItemProxy */;
		};
/* End PBXTargetDependency section */

/* Begin PBXVariantGroup section */
		855157C229AA3F9B00AE5A98 /* Main.storyboard */ = {
			isa = PBXVariantGroup;
			children = (
				855157C329AA3F9B00AE5A98 /* Base */,
			);
			name = Main.storyboard;
			sourceTree = "<group>";
		};
		855157C729AA3F9C00AE5A98 /* LaunchScreen.storyboard */ = {
			isa = PBXVariantGroup;
			children = (
				855157C829AA3F9C00AE5A98 /* Base */,
			);
			name = LaunchScreen.storyboard;
			sourceTree = "<group>";
		};
/* End PBXVariantGroup section */

/* Begin XCBuildConfiguration section */
		855157E129AA3F9C00AE5A98 /* Debug */ = {
			isa = XCBuildConfiguration;
			buildSettings = {
				ALWAYS_SEARCH_USER_PATHS = NO;
				CLANG_ANALYZER_NONNULL = YES;
				CLANG_ANALYZER_NUMBER_OBJECT_CONVERSION = YES_AGGRESSIVE;
				CLANG_CXX_LANGUAGE_STANDARD = "gnu++17";
				CLANG_CXX_LIBRARY = "libc++";
				CLANG_ENABLE_MODULES = YES;
				CLANG_ENABLE_OBJC_ARC = YES;
				CLANG_ENABLE_OBJC_WEAK = YES;
				CLANG_WARN_BLOCK_CAPTURE_AUTORELEASING = YES;
				CLANG_WARN_BOOL_CONVERSION = YES;
				CLANG_WARN_COMMA = YES;
				CLANG_WARN_CONSTANT_CONVERSION = YES;
				CLANG_WARN_DEPRECATED_OBJC_IMPLEMENTATIONS = YES;
				CLANG_WARN_DIRECT_OBJC_ISA_USAGE = YES_ERROR;
				CLANG_WARN_DOCUMENTATION_COMMENTS = YES;
				CLANG_WARN_EMPTY_BODY = YES;
				CLANG_WARN_ENUM_CONVERSION = YES;
				CLANG_WARN_INFINITE_RECURSION = YES;
				CLANG_WARN_INT_CONVERSION = YES;
				CLANG_WARN_NON_LITERAL_NULL_CONVERSION = YES;
				CLANG_WARN_OBJC_IMPLICIT_RETAIN_SELF = YES;
				CLANG_WARN_OBJC_LITERAL_CONVERSION = YES;
				CLANG_WARN_OBJC_ROOT_CLASS = YES_ERROR;
				CLANG_WARN_QUOTED_INCLUDE_IN_FRAMEWORK_HEADER = YES;
				CLANG_WARN_RANGE_LOOP_ANALYSIS = YES;
				CLANG_WARN_STRICT_PROTOTYPES = YES;
				CLANG_WARN_SUSPICIOUS_MOVE = YES;
				CLANG_WARN_UNGUARDED_AVAILABILITY = YES_AGGRESSIVE;
				CLANG_WARN_UNREACHABLE_CODE = YES;
				CLANG_WARN__DUPLICATE_METHOD_MATCH = YES;
				COPY_PHASE_STRIP = NO;
				DEBUG_INFORMATION_FORMAT = dwarf;
				ENABLE_STRICT_OBJC_MSGSEND = YES;
				ENABLE_TESTABILITY = YES;
				GCC_C_LANGUAGE_STANDARD = gnu11;
				GCC_DYNAMIC_NO_PIC = NO;
				GCC_NO_COMMON_BLOCKS = YES;
				GCC_OPTIMIZATION_LEVEL = 0;
				GCC_PREPROCESSOR_DEFINITIONS = (
					"DEBUG=1",
					"$(inherited)",
				);
				GCC_WARN_64_TO_32_BIT_CONVERSION = YES;
				GCC_WARN_ABOUT_RETURN_TYPE = YES_ERROR;
				GCC_WARN_UNDECLARED_SELECTOR = YES;
				GCC_WARN_UNINITIALIZED_AUTOS = YES_AGGRESSIVE;
				GCC_WARN_UNUSED_FUNCTION = YES;
				GCC_WARN_UNUSED_VARIABLE = YES;
				IPHONEOS_DEPLOYMENT_TARGET = 15.2;
				MTL_ENABLE_DEBUG_INFO = INCLUDE_SOURCE;
				MTL_FAST_MATH = YES;
				ONLY_ACTIVE_ARCH = YES;
				SDKROOT = iphoneos;
				SWIFT_ACTIVE_COMPILATION_CONDITIONS = DEBUG;
				SWIFT_OPTIMIZATION_LEVEL = "-Onone";
			};
			name = Debug;
		};
		855157E229AA3F9C00AE5A98 /* Release */ = {
			isa = XCBuildConfiguration;
			buildSettings = {
				ALWAYS_SEARCH_USER_PATHS = NO;
				CLANG_ANALYZER_NONNULL = YES;
				CLANG_ANALYZER_NUMBER_OBJECT_CONVERSION = YES_AGGRESSIVE;
				CLANG_CXX_LANGUAGE_STANDARD = "gnu++17";
				CLANG_CXX_LIBRARY = "libc++";
				CLANG_ENABLE_MODULES = YES;
				CLANG_ENABLE_OBJC_ARC = YES;
				CLANG_ENABLE_OBJC_WEAK = YES;
				CLANG_WARN_BLOCK_CAPTURE_AUTORELEASING = YES;
				CLANG_WARN_BOOL_CONVERSION = YES;
				CLANG_WARN_COMMA = YES;
				CLANG_WARN_CONSTANT_CONVERSION = YES;
				CLANG_WARN_DEPRECATED_OBJC_IMPLEMENTATIONS = YES;
				CLANG_WARN_DIRECT_OBJC_ISA_USAGE = YES_ERROR;
				CLANG_WARN_DOCUMENTATION_COMMENTS = YES;
				CLANG_WARN_EMPTY_BODY = YES;
				CLANG_WARN_ENUM_CONVERSION = YES;
				CLANG_WARN_INFINITE_RECURSION = YES;
				CLANG_WARN_INT_CONVERSION = YES;
				CLANG_WARN_NON_LITERAL_NULL_CONVERSION = YES;
				CLANG_WARN_OBJC_IMPLICIT_RETAIN_SELF = YES;
				CLANG_WARN_OBJC_LITERAL_CONVERSION = YES;
				CLANG_WARN_OBJC_ROOT_CLASS = YES_ERROR;
				CLANG_WARN_QUOTED_INCLUDE_IN_FRAMEWORK_HEADER = YES;
				CLANG_WARN_RANGE_LOOP_ANALYSIS = YES;
				CLANG_WARN_STRICT_PROTOTYPES = YES;
				CLANG_WARN_SUSPICIOUS_MOVE = YES;
				CLANG_WARN_UNGUARDED_AVAILABILITY = YES_AGGRESSIVE;
				CLANG_WARN_UNREACHABLE_CODE = YES;
				CLANG_WARN__DUPLICATE_METHOD_MATCH = YES;
				COPY_PHASE_STRIP = NO;
				DEBUG_INFORMATION_FORMAT = "dwarf-with-dsym";
				ENABLE_NS_ASSERTIONS = NO;
				ENABLE_STRICT_OBJC_MSGSEND = YES;
				GCC_C_LANGUAGE_STANDARD = gnu11;
				GCC_NO_COMMON_BLOCKS = YES;
				GCC_WARN_64_TO_32_BIT_CONVERSION = YES;
				GCC_WARN_ABOUT_RETURN_TYPE = YES_ERROR;
				GCC_WARN_UNDECLARED_SELECTOR = YES;
				GCC_WARN_UNINITIALIZED_AUTOS = YES_AGGRESSIVE;
				GCC_WARN_UNUSED_FUNCTION = YES;
				GCC_WARN_UNUSED_VARIABLE = YES;
				IPHONEOS_DEPLOYMENT_TARGET = 15.2;
				MTL_ENABLE_DEBUG_INFO = NO;
				MTL_FAST_MATH = YES;
				SDKROOT = iphoneos;
				SWIFT_COMPILATION_MODE = wholemodule;
				SWIFT_OPTIMIZATION_LEVEL = "-O";
				VALIDATE_PRODUCT = YES;
			};
			name = Release;
		};
		855157E429AA3F9C00AE5A98 /* Debug */ = {
			isa = XCBuildConfiguration;
			buildSettings = {
				ASSETCATALOG_COMPILER_APPICON_NAME = AppIcon;
				ASSETCATALOG_COMPILER_GLOBAL_ACCENT_COLOR_NAME = AccentColor;
				CODE_SIGN_STYLE = Automatic;
				CURRENT_PROJECT_VERSION = 1;
				DEVELOPMENT_TEAM = NTRW2Q55W3;
				GENERATE_INFOPLIST_FILE = YES;
				INFOPLIST_FILE = TestSolutis/Info.plist;
				INFOPLIST_KEY_UIApplicationSupportsIndirectInputEvents = YES;
				INFOPLIST_KEY_UILaunchStoryboardName = LaunchScreen;
				INFOPLIST_KEY_UIMainStoryboardFile = Main;
				INFOPLIST_KEY_UISupportedInterfaceOrientations_iPad = "UIInterfaceOrientationPortrait UIInterfaceOrientationPortraitUpsideDown UIInterfaceOrientationLandscapeLeft UIInterfaceOrientationLandscapeRight";
				INFOPLIST_KEY_UISupportedInterfaceOrientations_iPhone = "UIInterfaceOrientationPortrait UIInterfaceOrientationLandscapeLeft UIInterfaceOrientationLandscapeRight";
				LD_RUNPATH_SEARCH_PATHS = (
					"$(inherited)",
					"@executable_path/Frameworks",
				);
				MARKETING_VERSION = 1.0;
				PRODUCT_BUNDLE_IDENTIFIER = com.gabrieldcc.TestSolutis;
				PRODUCT_NAME = "$(TARGET_NAME)";
				SWIFT_EMIT_LOC_STRINGS = YES;
				SWIFT_VERSION = 5.0;
				TARGETED_DEVICE_FAMILY = "1,2";
			};
			name = Debug;
		};
		855157E529AA3F9C00AE5A98 /* Release */ = {
			isa = XCBuildConfiguration;
			buildSettings = {
				ASSETCATALOG_COMPILER_APPICON_NAME = AppIcon;
				ASSETCATALOG_COMPILER_GLOBAL_ACCENT_COLOR_NAME = AccentColor;
				CODE_SIGN_STYLE = Automatic;
				CURRENT_PROJECT_VERSION = 1;
				DEVELOPMENT_TEAM = NTRW2Q55W3;
				GENERATE_INFOPLIST_FILE = YES;
				INFOPLIST_FILE = TestSolutis/Info.plist;
				INFOPLIST_KEY_UIApplicationSupportsIndirectInputEvents = YES;
				INFOPLIST_KEY_UILaunchStoryboardName = LaunchScreen;
				INFOPLIST_KEY_UIMainStoryboardFile = Main;
				INFOPLIST_KEY_UISupportedInterfaceOrientations_iPad = "UIInterfaceOrientationPortrait UIInterfaceOrientationPortraitUpsideDown UIInterfaceOrientationLandscapeLeft UIInterfaceOrientationLandscapeRight";
				INFOPLIST_KEY_UISupportedInterfaceOrientations_iPhone = "UIInterfaceOrientationPortrait UIInterfaceOrientationLandscapeLeft UIInterfaceOrientationLandscapeRight";
				LD_RUNPATH_SEARCH_PATHS = (
					"$(inherited)",
					"@executable_path/Frameworks",
				);
				MARKETING_VERSION = 1.0;
				PRODUCT_BUNDLE_IDENTIFIER = com.gabrieldcc.TestSolutis;
				PRODUCT_NAME = "$(TARGET_NAME)";
				SWIFT_EMIT_LOC_STRINGS = YES;
				SWIFT_VERSION = 5.0;
				TARGETED_DEVICE_FAMILY = "1,2";
			};
			name = Release;
		};
		855157E729AA3F9C00AE5A98 /* Debug */ = {
			isa = XCBuildConfiguration;
			buildSettings = {
				ALWAYS_EMBED_SWIFT_STANDARD_LIBRARIES = YES;
				BUNDLE_LOADER = "$(TEST_HOST)";
				CODE_SIGN_STYLE = Automatic;
				CURRENT_PROJECT_VERSION = 1;
				DEVELOPMENT_TEAM = NTRW2Q55W3;
				GENERATE_INFOPLIST_FILE = YES;
				IPHONEOS_DEPLOYMENT_TARGET = 15.2;
				MARKETING_VERSION = 1.0;
				PRODUCT_BUNDLE_IDENTIFIER = com.gabrieldcc.TestSolutisTests;
				PRODUCT_NAME = "$(TARGET_NAME)";
				SWIFT_EMIT_LOC_STRINGS = NO;
				SWIFT_VERSION = 5.0;
				TARGETED_DEVICE_FAMILY = "1,2";
				TEST_HOST = "$(BUILT_PRODUCTS_DIR)/TestSolutis.app/TestSolutis";
			};
			name = Debug;
		};
		855157E829AA3F9C00AE5A98 /* Release */ = {
			isa = XCBuildConfiguration;
			buildSettings = {
				ALWAYS_EMBED_SWIFT_STANDARD_LIBRARIES = YES;
				BUNDLE_LOADER = "$(TEST_HOST)";
				CODE_SIGN_STYLE = Automatic;
				CURRENT_PROJECT_VERSION = 1;
				DEVELOPMENT_TEAM = NTRW2Q55W3;
				GENERATE_INFOPLIST_FILE = YES;
				IPHONEOS_DEPLOYMENT_TARGET = 15.2;
				MARKETING_VERSION = 1.0;
				PRODUCT_BUNDLE_IDENTIFIER = com.gabrieldcc.TestSolutisTests;
				PRODUCT_NAME = "$(TARGET_NAME)";
				SWIFT_EMIT_LOC_STRINGS = NO;
				SWIFT_VERSION = 5.0;
				TARGETED_DEVICE_FAMILY = "1,2";
				TEST_HOST = "$(BUILT_PRODUCTS_DIR)/TestSolutis.app/TestSolutis";
			};
			name = Release;
		};
		855157EA29AA3F9C00AE5A98 /* Debug */ = {
			isa = XCBuildConfiguration;
			buildSettings = {
				ALWAYS_EMBED_SWIFT_STANDARD_LIBRARIES = YES;
				CODE_SIGN_STYLE = Automatic;
				CURRENT_PROJECT_VERSION = 1;
				DEVELOPMENT_TEAM = NTRW2Q55W3;
				GENERATE_INFOPLIST_FILE = YES;
				MARKETING_VERSION = 1.0;
				PRODUCT_BUNDLE_IDENTIFIER = com.gabrieldcc.TestSolutisUITests;
				PRODUCT_NAME = "$(TARGET_NAME)";
				SWIFT_EMIT_LOC_STRINGS = NO;
				SWIFT_VERSION = 5.0;
				TARGETED_DEVICE_FAMILY = "1,2";
				TEST_TARGET_NAME = TestSolutis;
			};
			name = Debug;
		};
		855157EB29AA3F9C00AE5A98 /* Release */ = {
			isa = XCBuildConfiguration;
			buildSettings = {
				ALWAYS_EMBED_SWIFT_STANDARD_LIBRARIES = YES;
				CODE_SIGN_STYLE = Automatic;
				CURRENT_PROJECT_VERSION = 1;
				DEVELOPMENT_TEAM = NTRW2Q55W3;
				GENERATE_INFOPLIST_FILE = YES;
				MARKETING_VERSION = 1.0;
				PRODUCT_BUNDLE_IDENTIFIER = com.gabrieldcc.TestSolutisUITests;
				PRODUCT_NAME = "$(TARGET_NAME)";
				SWIFT_EMIT_LOC_STRINGS = NO;
				SWIFT_VERSION = 5.0;
				TARGETED_DEVICE_FAMILY = "1,2";
				TEST_TARGET_NAME = TestSolutis;
			};
			name = Release;
		};
/* End XCBuildConfiguration section */

/* Begin XCConfigurationList section */
		855157B429AA3F9B00AE5A98 /* Build configuration list for PBXProject "TestSolutis" */ = {
			isa = XCConfigurationList;
			buildConfigurations = (
				855157E129AA3F9C00AE5A98 /* Debug */,
				855157E229AA3F9C00AE5A98 /* Release */,
			);
			defaultConfigurationIsVisible = 0;
			defaultConfigurationName = Release;
		};
		855157E329AA3F9C00AE5A98 /* Build configuration list for PBXNativeTarget "TestSolutis" */ = {
			isa = XCConfigurationList;
			buildConfigurations = (
				855157E429AA3F9C00AE5A98 /* Debug */,
				855157E529AA3F9C00AE5A98 /* Release */,
			);
			defaultConfigurationIsVisible = 0;
			defaultConfigurationName = Release;
		};
		855157E629AA3F9C00AE5A98 /* Build configuration list for PBXNativeTarget "TestSolutisTests" */ = {
			isa = XCConfigurationList;
			buildConfigurations = (
				855157E729AA3F9C00AE5A98 /* Debug */,
				855157E829AA3F9C00AE5A98 /* Release */,
			);
			defaultConfigurationIsVisible = 0;
			defaultConfigurationName = Release;
		};
		855157E929AA3F9C00AE5A98 /* Build configuration list for PBXNativeTarget "TestSolutisUITests" */ = {
			isa = XCConfigurationList;
			buildConfigurations = (
				855157EA29AA3F9C00AE5A98 /* Debug */,
				855157EB29AA3F9C00AE5A98 /* Release */,
			);
			defaultConfigurationIsVisible = 0;
			defaultConfigurationName = Release;
		};
/* End XCConfigurationList section */
	};
	rootObject = 855157B129AA3F9B00AE5A98 /* Project object */;
}
